// !$*UTF8*$!
{
	archiveVersion = 1;
	classes = {
	};
	objectVersion = 48;
	objects = {

/* Begin PBXBuildFile section */
		B97B6111CF6ED860C4E2C821 /* libPods-CloudHoe.a in Frameworks */ = {isa = PBXBuildFile; fileRef = F1EA8A0CD00EFF6E571D4D3C /* libPods-CloudHoe.a */; };
		F70EC9801FFB6F8300821D01 /* Images.xcassets in Resources */ = {isa = PBXBuildFile; fileRef = F70EC97F1FFB6F8300821D01 /* Images.xcassets */; };
		F77252A61FFB4B810016B363 /* AppDelegate.m in Sources */ = {isa = PBXBuildFile; fileRef = F77252A51FFB4B810016B363 /* AppDelegate.m */; };
		F77252AC1FFB4B810016B363 /* Main.storyboard in Resources */ = {isa = PBXBuildFile; fileRef = F77252AA1FFB4B810016B363 /* Main.storyboard */; };
		F77252B11FFB4B810016B363 /* LaunchScreen.storyboard in Resources */ = {isa = PBXBuildFile; fileRef = F77252AF1FFB4B810016B363 /* LaunchScreen.storyboard */; };
		F77252B41FFB4B810016B363 /* main.m in Sources */ = {isa = PBXBuildFile; fileRef = F77252B31FFB4B810016B363 /* main.m */; };
		F77252BE1FFB4B810016B363 /* CloudHoeTests.m in Sources */ = {isa = PBXBuildFile; fileRef = F77252BD1FFB4B810016B363 /* CloudHoeTests.m */; };
		F77252C91FFB4B810016B363 /* CloudHoeUITests.m in Sources */ = {isa = PBXBuildFile; fileRef = F77252C81FFB4B810016B363 /* CloudHoeUITests.m */; };
		F772530E1FFB509A0016B363 /* AFNetworking_RequestData.m in Sources */ = {isa = PBXBuildFile; fileRef = F77252EE1FFB509A0016B363 /* AFNetworking_RequestData.m */; };
		F772530F1FFB509A0016B363 /* InfoCache.m in Sources */ = {isa = PBXBuildFile; fileRef = F77252F21FFB509A0016B363 /* InfoCache.m */; };
		F77253101FFB509A0016B363 /* NSStringExt.m in Sources */ = {isa = PBXBuildFile; fileRef = F77252F41FFB509A0016B363 /* NSStringExt.m */; };
		F77253111FFB509A0016B363 /* CountDownServer.m in Sources */ = {isa = PBXBuildFile; fileRef = F77252F71FFB509A0016B363 /* CountDownServer.m */; };
		F77253121FFB509A0016B363 /* RegexTool.m in Sources */ = {isa = PBXBuildFile; fileRef = F77252F91FFB509A0016B363 /* RegexTool.m */; };
		F77253131FFB509A0016B363 /* UITableView+EmptyData.m in Sources */ = {isa = PBXBuildFile; fileRef = F77252FC1FFB509A0016B363 /* UITableView+EmptyData.m */; };
		F77253141FFB509A0016B363 /* UIView+Toast.m in Sources */ = {isa = PBXBuildFile; fileRef = F77252FF1FFB509A0016B363 /* UIView+Toast.m */; };
		F77253151FFB509A0016B363 /* UIColor+Expend.m in Sources */ = {isa = PBXBuildFile; fileRef = F77253021FFB509A0016B363 /* UIColor+Expend.m */; };
		F77253161FFB509A0016B363 /* UIImage+UIImageExt.m in Sources */ = {isa = PBXBuildFile; fileRef = F77253041FFB509A0016B363 /* UIImage+UIImageExt.m */; };
		F77253171FFB509A0016B363 /* UILabel+WLAttributedString.m in Sources */ = {isa = PBXBuildFile; fileRef = F77253061FFB509A0016B363 /* UILabel+WLAttributedString.m */; };
		F77253181FFB509A0016B363 /* UIViewController+UIViewControllerExt.m in Sources */ = {isa = PBXBuildFile; fileRef = F77253081FFB509A0016B363 /* UIViewController+UIViewControllerExt.m */; };
		F77253191FFB509A0016B363 /* UIViewExt.m in Sources */ = {isa = PBXBuildFile; fileRef = F772530A1FFB509A0016B363 /* UIViewExt.m */; };
		F772531A1FFB509A0016B363 /* ZXPUnicode.m in Sources */ = {isa = PBXBuildFile; fileRef = F772530D1FFB509A0016B363 /* ZXPUnicode.m */; };
		F772531F1FFB52230016B363 /* HomeVC.m in Sources */ = {isa = PBXBuildFile; fileRef = F772531E1FFB52230016B363 /* HomeVC.m */; };
		F77253221FFB52420016B363 /* GardenVC.m in Sources */ = {isa = PBXBuildFile; fileRef = F77253211FFB52420016B363 /* GardenVC.m */; };
		F77253251FFB52640016B363 /* DynamicStateVC.m in Sources */ = {isa = PBXBuildFile; fileRef = F77253241FFB52640016B363 /* DynamicStateVC.m */; };
		F77253281FFB52840016B363 /* HoeFriendVC.m in Sources */ = {isa = PBXBuildFile; fileRef = F77253271FFB52840016B363 /* HoeFriendVC.m */; };
		F772532B1FFB52960016B363 /* TabBarController.m in Sources */ = {isa = PBXBuildFile; fileRef = F772532A1FFB52950016B363 /* TabBarController.m */; };
		F77253321FFB529F0016B363 /* BasePresentViewController.m in Sources */ = {isa = PBXBuildFile; fileRef = F772532C1FFB529D0016B363 /* BasePresentViewController.m */; };
		F77253331FFB529F0016B363 /* NavigationController.m in Sources */ = {isa = PBXBuildFile; fileRef = F772532F1FFB529E0016B363 /* NavigationController.m */; };
		F77253341FFB529F0016B363 /* BaseViewController.m in Sources */ = {isa = PBXBuildFile; fileRef = F77253301FFB529E0016B363 /* BaseViewController.m */; };
		F77253381FFB52D90016B363 /* LoginVC.m in Sources */ = {isa = PBXBuildFile; fileRef = F77253371FFB52D90016B363 /* LoginVC.m */; };
		F772533E1FFB532D0016B363 /* PersonModel.m in Sources */ = {isa = PBXBuildFile; fileRef = F772533D1FFB532D0016B363 /* PersonModel.m */; };
		F77253451FFB57800016B363 /* CDTabBar.m in Sources */ = {isa = PBXBuildFile; fileRef = F77253441FFB57800016B363 /* CDTabBar.m */; };
		F772534B1FFB5F540016B363 /* PhoneLoginVC.m in Sources */ = {isa = PBXBuildFile; fileRef = F772534A1FFB5F540016B363 /* PhoneLoginVC.m */; };
/* End PBXBuildFile section */

/* Begin PBXContainerItemProxy section */
		F77252BA1FFB4B810016B363 /* PBXContainerItemProxy */ = {
			isa = PBXContainerItemProxy;
			containerPortal = F77252991FFB4B810016B363 /* Project object */;
			proxyType = 1;
			remoteGlobalIDString = F77252A01FFB4B810016B363;
			remoteInfo = CloudHoe;
		};
		F77252C51FFB4B810016B363 /* PBXContainerItemProxy */ = {
			isa = PBXContainerItemProxy;
			containerPortal = F77252991FFB4B810016B363 /* Project object */;
			proxyType = 1;
			remoteGlobalIDString = F77252A01FFB4B810016B363;
			remoteInfo = CloudHoe;
		};
/* End PBXContainerItemProxy section */

/* Begin PBXFileReference section */
		4FAFAF84528161A6261C39C9 /* Pods-CloudHoe.release.xcconfig */ = {isa = PBXFileReference; includeInIndex = 1; lastKnownFileType = text.xcconfig; name = "Pods-CloudHoe.release.xcconfig"; path = "Pods/Target Support Files/Pods-CloudHoe/Pods-CloudHoe.release.xcconfig"; sourceTree = "<group>"; };
		E9DFCAA820FE34DB4AAD88FF /* Pods-CloudHoe.debug.xcconfig */ = {isa = PBXFileReference; includeInIndex = 1; lastKnownFileType = text.xcconfig; name = "Pods-CloudHoe.debug.xcconfig"; path = "Pods/Target Support Files/Pods-CloudHoe/Pods-CloudHoe.debug.xcconfig"; sourceTree = "<group>"; };
		F1EA8A0CD00EFF6E571D4D3C /* libPods-CloudHoe.a */ = {isa = PBXFileReference; explicitFileType = archive.ar; includeInIndex = 0; path = "libPods-CloudHoe.a"; sourceTree = BUILT_PRODUCTS_DIR; };
		F70EC97F1FFB6F8300821D01 /* Images.xcassets */ = {isa = PBXFileReference; lastKnownFileType = folder.assetcatalog; path = Images.xcassets; sourceTree = "<group>"; };
		F77252A11FFB4B810016B363 /* CloudHoe.app */ = {isa = PBXFileReference; explicitFileType = wrapper.application; includeInIndex = 0; path = CloudHoe.app; sourceTree = BUILT_PRODUCTS_DIR; };
		F77252A41FFB4B810016B363 /* AppDelegate.h */ = {isa = PBXFileReference; lastKnownFileType = sourcecode.c.h; path = AppDelegate.h; sourceTree = "<group>"; };
		F77252A51FFB4B810016B363 /* AppDelegate.m */ = {isa = PBXFileReference; lastKnownFileType = sourcecode.c.objc; path = AppDelegate.m; sourceTree = "<group>"; };
		F77252AB1FFB4B810016B363 /* Base */ = {isa = PBXFileReference; lastKnownFileType = file.storyboard; name = Base; path = Base.lproj/Main.storyboard; sourceTree = "<group>"; };
		F77252B01FFB4B810016B363 /* Base */ = {isa = PBXFileReference; lastKnownFileType = file.storyboard; name = Base; path = Base.lproj/LaunchScreen.storyboard; sourceTree = "<group>"; };
		F77252B21FFB4B810016B363 /* Info.plist */ = {isa = PBXFileReference; lastKnownFileType = text.plist.xml; path = Info.plist; sourceTree = "<group>"; };
		F77252B31FFB4B810016B363 /* main.m */ = {isa = PBXFileReference; lastKnownFileType = sourcecode.c.objc; path = main.m; sourceTree = "<group>"; };
		F77252B91FFB4B810016B363 /* CloudHoeTests.xctest */ = {isa = PBXFileReference; explicitFileType = wrapper.cfbundle; includeInIndex = 0; path = CloudHoeTests.xctest; sourceTree = BUILT_PRODUCTS_DIR; };
		F77252BD1FFB4B810016B363 /* CloudHoeTests.m */ = {isa = PBXFileReference; lastKnownFileType = sourcecode.c.objc; path = CloudHoeTests.m; sourceTree = "<group>"; };
		F77252BF1FFB4B810016B363 /* Info.plist */ = {isa = PBXFileReference; lastKnownFileType = text.plist.xml; path = Info.plist; sourceTree = "<group>"; };
		F77252C41FFB4B810016B363 /* CloudHoeUITests.xctest */ = {isa = PBXFileReference; explicitFileType = wrapper.cfbundle; includeInIndex = 0; path = CloudHoeUITests.xctest; sourceTree = BUILT_PRODUCTS_DIR; };
		F77252C81FFB4B810016B363 /* CloudHoeUITests.m */ = {isa = PBXFileReference; lastKnownFileType = sourcecode.c.objc; path = CloudHoeUITests.m; sourceTree = "<group>"; };
		F77252CA1FFB4B810016B363 /* Info.plist */ = {isa = PBXFileReference; lastKnownFileType = text.plist.xml; path = Info.plist; sourceTree = "<group>"; };
		F77252ED1FFB509A0016B363 /* AFNetworking_RequestData.h */ = {isa = PBXFileReference; fileEncoding = 4; lastKnownFileType = sourcecode.c.h; path = AFNetworking_RequestData.h; sourceTree = "<group>"; };
		F77252EE1FFB509A0016B363 /* AFNetworking_RequestData.m */ = {isa = PBXFileReference; fileEncoding = 4; lastKnownFileType = sourcecode.c.objc; path = AFNetworking_RequestData.m; sourceTree = "<group>"; };
		F77252F11FFB509A0016B363 /* InfoCache.h */ = {isa = PBXFileReference; fileEncoding = 4; lastKnownFileType = sourcecode.c.h; path = InfoCache.h; sourceTree = "<group>"; };
		F77252F21FFB509A0016B363 /* InfoCache.m */ = {isa = PBXFileReference; fileEncoding = 4; lastKnownFileType = sourcecode.c.objc; path = InfoCache.m; sourceTree = "<group>"; };
		F77252F31FFB509A0016B363 /* NSStringExt.h */ = {isa = PBXFileReference; fileEncoding = 4; lastKnownFileType = sourcecode.c.h; path = NSStringExt.h; sourceTree = "<group>"; };
		F77252F41FFB509A0016B363 /* NSStringExt.m */ = {isa = PBXFileReference; fileEncoding = 4; lastKnownFileType = sourcecode.c.objc; path = NSStringExt.m; sourceTree = "<group>"; };
		F77252F61FFB509A0016B363 /* CountDownServer.h */ = {isa = PBXFileReference; fileEncoding = 4; lastKnownFileType = sourcecode.c.h; path = CountDownServer.h; sourceTree = "<group>"; };
		F77252F71FFB509A0016B363 /* CountDownServer.m */ = {isa = PBXFileReference; fileEncoding = 4; lastKnownFileType = sourcecode.c.objc; path = CountDownServer.m; sourceTree = "<group>"; };
		F77252F81FFB509A0016B363 /* RegexTool.h */ = {isa = PBXFileReference; fileEncoding = 4; lastKnownFileType = sourcecode.c.h; path = RegexTool.h; sourceTree = "<group>"; };
		F77252F91FFB509A0016B363 /* RegexTool.m */ = {isa = PBXFileReference; fileEncoding = 4; lastKnownFileType = sourcecode.c.objc; path = RegexTool.m; sourceTree = "<group>"; };
		F77252FB1FFB509A0016B363 /* UITableView+EmptyData.h */ = {isa = PBXFileReference; fileEncoding = 4; lastKnownFileType = sourcecode.c.h; path = "UITableView+EmptyData.h"; sourceTree = "<group>"; };
		F77252FC1FFB509A0016B363 /* UITableView+EmptyData.m */ = {isa = PBXFileReference; fileEncoding = 4; lastKnownFileType = sourcecode.c.objc; path = "UITableView+EmptyData.m"; sourceTree = "<group>"; };
		F77252FE1FFB509A0016B363 /* UIView+Toast.h */ = {isa = PBXFileReference; fileEncoding = 4; lastKnownFileType = sourcecode.c.h; path = "UIView+Toast.h"; sourceTree = "<group>"; };
		F77252FF1FFB509A0016B363 /* UIView+Toast.m */ = {isa = PBXFileReference; fileEncoding = 4; lastKnownFileType = sourcecode.c.objc; path = "UIView+Toast.m"; sourceTree = "<group>"; };
		F77253011FFB509A0016B363 /* UIColor+Expend.h */ = {isa = PBXFileReference; fileEncoding = 4; lastKnownFileType = sourcecode.c.h; path = "UIColor+Expend.h"; sourceTree = "<group>"; };
		F77253021FFB509A0016B363 /* UIColor+Expend.m */ = {isa = PBXFileReference; fileEncoding = 4; lastKnownFileType = sourcecode.c.objc; path = "UIColor+Expend.m"; sourceTree = "<group>"; };
		F77253031FFB509A0016B363 /* UIImage+UIImageExt.h */ = {isa = PBXFileReference; fileEncoding = 4; lastKnownFileType = sourcecode.c.h; path = "UIImage+UIImageExt.h"; sourceTree = "<group>"; };
		F77253041FFB509A0016B363 /* UIImage+UIImageExt.m */ = {isa = PBXFileReference; fileEncoding = 4; lastKnownFileType = sourcecode.c.objc; path = "UIImage+UIImageExt.m"; sourceTree = "<group>"; };
		F77253051FFB509A0016B363 /* UILabel+WLAttributedString.h */ = {isa = PBXFileReference; fileEncoding = 4; lastKnownFileType = sourcecode.c.h; path = "UILabel+WLAttributedString.h"; sourceTree = "<group>"; };
		F77253061FFB509A0016B363 /* UILabel+WLAttributedString.m */ = {isa = PBXFileReference; fileEncoding = 4; lastKnownFileType = sourcecode.c.objc; path = "UILabel+WLAttributedString.m"; sourceTree = "<group>"; };
		F77253071FFB509A0016B363 /* UIViewController+UIViewControllerExt.h */ = {isa = PBXFileReference; fileEncoding = 4; lastKnownFileType = sourcecode.c.h; path = "UIViewController+UIViewControllerExt.h"; sourceTree = "<group>"; };
		F77253081FFB509A0016B363 /* UIViewController+UIViewControllerExt.m */ = {isa = PBXFileReference; fileEncoding = 4; lastKnownFileType = sourcecode.c.objc; path = "UIViewController+UIViewControllerExt.m"; sourceTree = "<group>"; };
		F77253091FFB509A0016B363 /* UIViewExt.h */ = {isa = PBXFileReference; fileEncoding = 4; lastKnownFileType = sourcecode.c.h; path = UIViewExt.h; sourceTree = "<group>"; };
		F772530A1FFB509A0016B363 /* UIViewExt.m */ = {isa = PBXFileReference; fileEncoding = 4; lastKnownFileType = sourcecode.c.objc; path = UIViewExt.m; sourceTree = "<group>"; };
		F772530C1FFB509A0016B363 /* ZXPUnicode.h */ = {isa = PBXFileReference; fileEncoding = 4; lastKnownFileType = sourcecode.c.h; path = ZXPUnicode.h; sourceTree = "<group>"; };
		F772530D1FFB509A0016B363 /* ZXPUnicode.m */ = {isa = PBXFileReference; fileEncoding = 4; lastKnownFileType = sourcecode.c.objc; path = ZXPUnicode.m; sourceTree = "<group>"; };
		F772531B1FFB50E90016B363 /* CloudHoe.pch */ = {isa = PBXFileReference; fileEncoding = 4; lastKnownFileType = sourcecode.c.h; path = CloudHoe.pch; sourceTree = "<group>"; };
		F772531C1FFB50E90016B363 /* DefineFile.h */ = {isa = PBXFileReference; fileEncoding = 4; lastKnownFileType = sourcecode.c.h; path = DefineFile.h; sourceTree = "<group>"; };
		F772531D1FFB52230016B363 /* HomeVC.h */ = {isa = PBXFileReference; lastKnownFileType = sourcecode.c.h; path = HomeVC.h; sourceTree = "<group>"; };
		F772531E1FFB52230016B363 /* HomeVC.m */ = {isa = PBXFileReference; lastKnownFileType = sourcecode.c.objc; path = HomeVC.m; sourceTree = "<group>"; };
		F77253201FFB52420016B363 /* GardenVC.h */ = {isa = PBXFileReference; lastKnownFileType = sourcecode.c.h; path = GardenVC.h; sourceTree = "<group>"; };
		F77253211FFB52420016B363 /* GardenVC.m */ = {isa = PBXFileReference; lastKnownFileType = sourcecode.c.objc; path = GardenVC.m; sourceTree = "<group>"; };
		F77253231FFB52640016B363 /* DynamicStateVC.h */ = {isa = PBXFileReference; lastKnownFileType = sourcecode.c.h; path = DynamicStateVC.h; sourceTree = "<group>"; };
		F77253241FFB52640016B363 /* DynamicStateVC.m */ = {isa = PBXFileReference; lastKnownFileType = sourcecode.c.objc; path = DynamicStateVC.m; sourceTree = "<group>"; };
		F77253261FFB52840016B363 /* HoeFriendVC.h */ = {isa = PBXFileReference; lastKnownFileType = sourcecode.c.h; path = HoeFriendVC.h; sourceTree = "<group>"; };
		F77253271FFB52840016B363 /* HoeFriendVC.m */ = {isa = PBXFileReference; lastKnownFileType = sourcecode.c.objc; path = HoeFriendVC.m; sourceTree = "<group>"; };
		F77253291FFB52950016B363 /* TabBarController.h */ = {isa = PBXFileReference; lastKnownFileType = sourcecode.c.h; path = TabBarController.h; sourceTree = "<group>"; };
		F772532A1FFB52950016B363 /* TabBarController.m */ = {isa = PBXFileReference; lastKnownFileType = sourcecode.c.objc; path = TabBarController.m; sourceTree = "<group>"; };
		F772532C1FFB529D0016B363 /* BasePresentViewController.m */ = {isa = PBXFileReference; fileEncoding = 4; lastKnownFileType = sourcecode.c.objc; path = BasePresentViewController.m; sourceTree = "<group>"; };
		F772532D1FFB529D0016B363 /* NavigationController.h */ = {isa = PBXFileReference; fileEncoding = 4; lastKnownFileType = sourcecode.c.h; path = NavigationController.h; sourceTree = "<group>"; };
		F772532E1FFB529E0016B363 /* BasePresentViewController.h */ = {isa = PBXFileReference; fileEncoding = 4; lastKnownFileType = sourcecode.c.h; path = BasePresentViewController.h; sourceTree = "<group>"; };
		F772532F1FFB529E0016B363 /* NavigationController.m */ = {isa = PBXFileReference; fileEncoding = 4; lastKnownFileType = sourcecode.c.objc; path = NavigationController.m; sourceTree = "<group>"; };
		F77253301FFB529E0016B363 /* BaseViewController.m */ = {isa = PBXFileReference; fileEncoding = 4; lastKnownFileType = sourcecode.c.objc; path = BaseViewController.m; sourceTree = "<group>"; };
		F77253311FFB529F0016B363 /* BaseViewController.h */ = {isa = PBXFileReference; fileEncoding = 4; lastKnownFileType = sourcecode.c.h; path = BaseViewController.h; sourceTree = "<group>"; };
		F77253351FFB52C10016B363 /* UrlFile.h */ = {isa = PBXFileReference; fileEncoding = 4; lastKnownFileType = sourcecode.c.h; path = UrlFile.h; sourceTree = "<group>"; };
		F77253361FFB52D90016B363 /* LoginVC.h */ = {isa = PBXFileReference; lastKnownFileType = sourcecode.c.h; path = LoginVC.h; sourceTree = "<group>"; };
		F77253371FFB52D90016B363 /* LoginVC.m */ = {isa = PBXFileReference; lastKnownFileType = sourcecode.c.objc; path = LoginVC.m; sourceTree = "<group>"; };
		F772533C1FFB532D0016B363 /* PersonModel.h */ = {isa = PBXFileReference; fileEncoding = 4; lastKnownFileType = sourcecode.c.h; path = PersonModel.h; sourceTree = "<group>"; };
		F772533D1FFB532D0016B363 /* PersonModel.m */ = {isa = PBXFileReference; fileEncoding = 4; lastKnownFileType = sourcecode.c.objc; path = PersonModel.m; sourceTree = "<group>"; };
		F77253431FFB57800016B363 /* CDTabBar.h */ = {isa = PBXFileReference; fileEncoding = 4; lastKnownFileType = sourcecode.c.h; path = CDTabBar.h; sourceTree = "<group>"; };
		F77253441FFB57800016B363 /* CDTabBar.m */ = {isa = PBXFileReference; fileEncoding = 4; lastKnownFileType = sourcecode.c.objc; path = CDTabBar.m; sourceTree = "<group>"; };
		F77253491FFB5F540016B363 /* PhoneLoginVC.h */ = {isa = PBXFileReference; lastKnownFileType = sourcecode.c.h; path = PhoneLoginVC.h; sourceTree = "<group>"; };
		F772534A1FFB5F540016B363 /* PhoneLoginVC.m */ = {isa = PBXFileReference; lastKnownFileType = sourcecode.c.objc; path = PhoneLoginVC.m; sourceTree = "<group>"; };
/* End PBXFileReference section */

/* Begin PBXFrameworksBuildPhase section */
		F772529E1FFB4B810016B363 /* Frameworks */ = {
			isa = PBXFrameworksBuildPhase;
			buildActionMask = 2147483647;
			files = (
				B97B6111CF6ED860C4E2C821 /* libPods-CloudHoe.a in Frameworks */,
			);
			runOnlyForDeploymentPostprocessing = 0;
		};
		F77252B61FFB4B810016B363 /* Frameworks */ = {
			isa = PBXFrameworksBuildPhase;
			buildActionMask = 2147483647;
			files = (
			);
			runOnlyForDeploymentPostprocessing = 0;
		};
		F77252C11FFB4B810016B363 /* Frameworks */ = {
			isa = PBXFrameworksBuildPhase;
			buildActionMask = 2147483647;
			files = (
			);
			runOnlyForDeploymentPostprocessing = 0;
		};
/* End PBXFrameworksBuildPhase section */

/* Begin PBXGroup section */
		0E145509A3AB19E7D64FE150 /* Pods */ = {
			isa = PBXGroup;
			children = (
				E9DFCAA820FE34DB4AAD88FF /* Pods-CloudHoe.debug.xcconfig */,
				4FAFAF84528161A6261C39C9 /* Pods-CloudHoe.release.xcconfig */,
			);
			name = Pods;
			sourceTree = "<group>";
		};
		4E572237BF86C51D13B735A5 /* Frameworks */ = {
			isa = PBXGroup;
			children = (
				F1EA8A0CD00EFF6E571D4D3C /* libPods-CloudHoe.a */,
			);
			name = Frameworks;
			sourceTree = "<group>";
		};
		F77252981FFB4B810016B363 = {
			isa = PBXGroup;
			children = (
				F77252A31FFB4B810016B363 /* CloudHoe */,
				F77252BC1FFB4B810016B363 /* CloudHoeTests */,
				F77252C71FFB4B810016B363 /* CloudHoeUITests */,
				F77252A21FFB4B810016B363 /* Products */,
				0E145509A3AB19E7D64FE150 /* Pods */,
				4E572237BF86C51D13B735A5 /* Frameworks */,
			);
			sourceTree = "<group>";
		};
		F77252A21FFB4B810016B363 /* Products */ = {
			isa = PBXGroup;
			children = (
				F77252A11FFB4B810016B363 /* CloudHoe.app */,
				F77252B91FFB4B810016B363 /* CloudHoeTests.xctest */,
				F77252C41FFB4B810016B363 /* CloudHoeUITests.xctest */,
			);
			name = Products;
			sourceTree = "<group>";
		};
		F77252A31FFB4B810016B363 /* CloudHoe */ = {
			isa = PBXGroup;
			children = (
				F772533F1FFB553E0016B363 /* CustomClass */,
				F77252EB1FFB509A0016B363 /* Thirdparty */,
				F77252A41FFB4B810016B363 /* AppDelegate.h */,
				F77252A51FFB4B810016B363 /* AppDelegate.m */,
				F77253311FFB529F0016B363 /* BaseViewController.h */,
				F77253301FFB529E0016B363 /* BaseViewController.m */,
				F772532E1FFB529E0016B363 /* BasePresentViewController.h */,
				F772532C1FFB529D0016B363 /* BasePresentViewController.m */,
				F772532D1FFB529D0016B363 /* NavigationController.h */,
				F772532F1FFB529E0016B363 /* NavigationController.m */,
				F77253291FFB52950016B363 /* TabBarController.h */,
				F772532A1FFB52950016B363 /* TabBarController.m */,
				F77253351FFB52C10016B363 /* UrlFile.h */,
				F77252EA1FFB4D090016B363 /* 登录注册 */,
				F77252DA1FFB4C9E0016B363 /* 拍摄 */,
				F77252D91FFB4C830016B363 /* 首页 */,
				F77252D81FFB4C800016B363 /* 花园 */,
				F77252D71FFB4C7E0016B363 /* 动态 */,
				F77252D61FFB4C7C0016B363 /* 锄友 */,
				F77252AA1FFB4B810016B363 /* Main.storyboard */,
				F77252AF1FFB4B810016B363 /* LaunchScreen.storyboard */,
				F77252B21FFB4B810016B363 /* Info.plist */,
				F772531C1FFB50E90016B363 /* DefineFile.h */,
				F772531B1FFB50E90016B363 /* CloudHoe.pch */,
				F77252B31FFB4B810016B363 /* main.m */,
				F70EC97F1FFB6F8300821D01 /* Images.xcassets */,
			);
			path = CloudHoe;
			sourceTree = "<group>";
		};
		F77252BC1FFB4B810016B363 /* CloudHoeTests */ = {
			isa = PBXGroup;
			children = (
				F77252BD1FFB4B810016B363 /* CloudHoeTests.m */,
				F77252BF1FFB4B810016B363 /* Info.plist */,
			);
			path = CloudHoeTests;
			sourceTree = "<group>";
		};
		F77252C71FFB4B810016B363 /* CloudHoeUITests */ = {
			isa = PBXGroup;
			children = (
				F77252C81FFB4B810016B363 /* CloudHoeUITests.m */,
				F77252CA1FFB4B810016B363 /* Info.plist */,
			);
			path = CloudHoeUITests;
			sourceTree = "<group>";
		};
		F77252D61FFB4C7C0016B363 /* 锄友 */ = {
			isa = PBXGroup;
			children = (
				F77252E61FFB4CE30016B363 /* ControllView */,
				F77252E41FFB4CE30016B363 /* Model */,
				F77252E51FFB4CE30016B363 /* View */,
			);
			path = "锄友";
			sourceTree = "<group>";
		};
		F77252D71FFB4C7E0016B363 /* 动态 */ = {
			isa = PBXGroup;
			children = (
				F77252E31FFB4CE00016B363 /* ControllView */,
				F77252E11FFB4CDF0016B363 /* Model */,
				F77252E21FFB4CDF0016B363 /* View */,
			);
			path = "动态";
			sourceTree = "<group>";
		};
		F77252D81FFB4C800016B363 /* 花园 */ = {
			isa = PBXGroup;
			children = (
				F77252E01FFB4CDB0016B363 /* ControllView */,
				F77252DE1FFB4CDB0016B363 /* Model */,
				F77252DF1FFB4CDB0016B363 /* View */,
			);
			path = "花园";
			sourceTree = "<group>";
		};
		F77252D91FFB4C830016B363 /* 首页 */ = {
			isa = PBXGroup;
			children = (
				F77252DD1FFB4CD70016B363 /* ControllView */,
				F77252DB1FFB4CD70016B363 /* Model */,
				F77252DC1FFB4CD70016B363 /* View */,
			);
			path = "首页";
			sourceTree = "<group>";
		};
		F77252DA1FFB4C9E0016B363 /* 拍摄 */ = {
			isa = PBXGroup;
			children = (
				F77252E91FFB4CEA0016B363 /* ControllView */,
				F77252E71FFB4CEA0016B363 /* Model */,
				F77252E81FFB4CEA0016B363 /* View */,
			);
			path = "拍摄";
			sourceTree = "<group>";
		};
		F77252DB1FFB4CD70016B363 /* Model */ = {
			isa = PBXGroup;
			children = (
			);
			path = Model;
			sourceTree = "<group>";
		};
		F77252DC1FFB4CD70016B363 /* View */ = {
			isa = PBXGroup;
			children = (
			);
			path = View;
			sourceTree = "<group>";
		};
		F77252DD1FFB4CD70016B363 /* ControllView */ = {
			isa = PBXGroup;
			children = (
				F772531D1FFB52230016B363 /* HomeVC.h */,
				F772531E1FFB52230016B363 /* HomeVC.m */,
			);
			path = ControllView;
			sourceTree = "<group>";
		};
		F77252DE1FFB4CDB0016B363 /* Model */ = {
			isa = PBXGroup;
			children = (
			);
			path = Model;
			sourceTree = "<group>";
		};
		F77252DF1FFB4CDB0016B363 /* View */ = {
			isa = PBXGroup;
			children = (
			);
			path = View;
			sourceTree = "<group>";
		};
		F77252E01FFB4CDB0016B363 /* ControllView */ = {
			isa = PBXGroup;
			children = (
				F77253201FFB52420016B363 /* GardenVC.h */,
				F77253211FFB52420016B363 /* GardenVC.m */,
			);
			path = ControllView;
			sourceTree = "<group>";
		};
		F77252E11FFB4CDF0016B363 /* Model */ = {
			isa = PBXGroup;
			children = (
			);
			path = Model;
			sourceTree = "<group>";
		};
		F77252E21FFB4CDF0016B363 /* View */ = {
			isa = PBXGroup;
			children = (
			);
			path = View;
			sourceTree = "<group>";
		};
		F77252E31FFB4CE00016B363 /* ControllView */ = {
			isa = PBXGroup;
			children = (
				F77253231FFB52640016B363 /* DynamicStateVC.h */,
				F77253241FFB52640016B363 /* DynamicStateVC.m */,
			);
			path = ControllView;
			sourceTree = "<group>";
		};
		F77252E41FFB4CE30016B363 /* Model */ = {
			isa = PBXGroup;
			children = (
			);
			path = Model;
			sourceTree = "<group>";
		};
		F77252E51FFB4CE30016B363 /* View */ = {
			isa = PBXGroup;
			children = (
			);
			path = View;
			sourceTree = "<group>";
		};
		F77252E61FFB4CE30016B363 /* ControllView */ = {
			isa = PBXGroup;
			children = (
				F77253261FFB52840016B363 /* HoeFriendVC.h */,
				F77253271FFB52840016B363 /* HoeFriendVC.m */,
			);
			path = ControllView;
			sourceTree = "<group>";
		};
		F77252E71FFB4CEA0016B363 /* Model */ = {
			isa = PBXGroup;
			children = (
			);
			path = Model;
			sourceTree = "<group>";
		};
		F77252E81FFB4CEA0016B363 /* View */ = {
			isa = PBXGroup;
			children = (
			);
			path = View;
			sourceTree = "<group>";
		};
		F77252E91FFB4CEA0016B363 /* ControllView */ = {
			isa = PBXGroup;
			children = (
			);
			path = ControllView;
			sourceTree = "<group>";
		};
		F77252EA1FFB4D090016B363 /* 登录注册 */ = {
			isa = PBXGroup;
			children = (
				F77253361FFB52D90016B363 /* LoginVC.h */,
				F77253371FFB52D90016B363 /* LoginVC.m */,
				F77253491FFB5F540016B363 /* PhoneLoginVC.h */,
				F772534A1FFB5F540016B363 /* PhoneLoginVC.m */,
				F772533C1FFB532D0016B363 /* PersonModel.h */,
				F772533D1FFB532D0016B363 /* PersonModel.m */,
			);
			path = "登录注册";
			sourceTree = "<group>";
		};
		F77252EB1FFB509A0016B363 /* Thirdparty */ = {
			isa = PBXGroup;
			children = (
				F77252EC1FFB509A0016B363 /* AFNetworking_RequestData */,
				F77252EF1FFB509A0016B363 /* Tools */,
				F772530B1FFB509A0016B363 /* ZXPUnicode */,
			);
			path = Thirdparty;
			sourceTree = "<group>";
		};
		F77252EC1FFB509A0016B363 /* AFNetworking_RequestData */ = {
			isa = PBXGroup;
			children = (
				F77252ED1FFB509A0016B363 /* AFNetworking_RequestData.h */,
				F77252EE1FFB509A0016B363 /* AFNetworking_RequestData.m */,
			);
			path = AFNetworking_RequestData;
			sourceTree = "<group>";
		};
		F77252EF1FFB509A0016B363 /* Tools */ = {
			isa = PBXGroup;
			children = (
				F77252F01FFB509A0016B363 /* InfoCache */,
				F77252F31FFB509A0016B363 /* NSStringExt.h */,
				F77252F41FFB509A0016B363 /* NSStringExt.m */,
				F77252F51FFB509A0016B363 /* RegexTool */,
				F77252FA1FFB509A0016B363 /* TableView+Gategory */,
				F77252FD1FFB509A0016B363 /* Toast */,
				F77253001FFB509A0016B363 /* UIColorEx */,
				F77253031FFB509A0016B363 /* UIImage+UIImageExt.h */,
				F77253041FFB509A0016B363 /* UIImage+UIImageExt.m */,
				F77253051FFB509A0016B363 /* UILabel+WLAttributedString.h */,
				F77253061FFB509A0016B363 /* UILabel+WLAttributedString.m */,
				F77253071FFB509A0016B363 /* UIViewController+UIViewControllerExt.h */,
				F77253081FFB509A0016B363 /* UIViewController+UIViewControllerExt.m */,
				F77253091FFB509A0016B363 /* UIViewExt.h */,
				F772530A1FFB509A0016B363 /* UIViewExt.m */,
			);
			path = Tools;
			sourceTree = "<group>";
		};
		F77252F01FFB509A0016B363 /* InfoCache */ = {
			isa = PBXGroup;
			children = (
				F77252F11FFB509A0016B363 /* InfoCache.h */,
				F77252F21FFB509A0016B363 /* InfoCache.m */,
			);
			path = InfoCache;
			sourceTree = "<group>";
		};
		F77252F51FFB509A0016B363 /* RegexTool */ = {
			isa = PBXGroup;
			children = (
				F77252F61FFB509A0016B363 /* CountDownServer.h */,
				F77252F71FFB509A0016B363 /* CountDownServer.m */,
				F77252F81FFB509A0016B363 /* RegexTool.h */,
				F77252F91FFB509A0016B363 /* RegexTool.m */,
			);
			path = RegexTool;
			sourceTree = "<group>";
		};
		F77252FA1FFB509A0016B363 /* TableView+Gategory */ = {
			isa = PBXGroup;
			children = (
				F77252FB1FFB509A0016B363 /* UITableView+EmptyData.h */,
				F77252FC1FFB509A0016B363 /* UITableView+EmptyData.m */,
			);
			path = "TableView+Gategory";
			sourceTree = "<group>";
		};
		F77252FD1FFB509A0016B363 /* Toast */ = {
			isa = PBXGroup;
			children = (
				F77252FE1FFB509A0016B363 /* UIView+Toast.h */,
				F77252FF1FFB509A0016B363 /* UIView+Toast.m */,
			);
			path = Toast;
			sourceTree = "<group>";
		};
		F77253001FFB509A0016B363 /* UIColorEx */ = {
			isa = PBXGroup;
			children = (
				F77253011FFB509A0016B363 /* UIColor+Expend.h */,
				F77253021FFB509A0016B363 /* UIColor+Expend.m */,
			);
			path = UIColorEx;
			sourceTree = "<group>";
		};
		F772530B1FFB509A0016B363 /* ZXPUnicode */ = {
			isa = PBXGroup;
			children = (
				F772530C1FFB509A0016B363 /* ZXPUnicode.h */,
				F772530D1FFB509A0016B363 /* ZXPUnicode.m */,
			);
			path = ZXPUnicode;
			sourceTree = "<group>";
		};
		F772533F1FFB553E0016B363 /* CustomClass */ = {
			isa = PBXGroup;
			children = (
				F77253431FFB57800016B363 /* CDTabBar.h */,
				F77253441FFB57800016B363 /* CDTabBar.m */,
			);
			path = CustomClass;
			sourceTree = "<group>";
		};
/* End PBXGroup section */

/* Begin PBXNativeTarget section */
		F77252A01FFB4B810016B363 /* CloudHoe */ = {
			isa = PBXNativeTarget;
			buildConfigurationList = F77252CD1FFB4B810016B363 /* Build configuration list for PBXNativeTarget "CloudHoe" */;
			buildPhases = (
				FCAB38AA60A3DD143A1FCCB5 /* [CP] Check Pods Manifest.lock */,
				F772529D1FFB4B810016B363 /* Sources */,
				F772529E1FFB4B810016B363 /* Frameworks */,
				F772529F1FFB4B810016B363 /* Resources */,
				4F1AB66358B01F58315E9213 /* [CP] Embed Pods Frameworks */,
				4F15B03574C6C8B09D398EB2 /* [CP] Copy Pods Resources */,
			);
			buildRules = (
			);
			dependencies = (
			);
			name = CloudHoe;
			productName = CloudHoe;
			productReference = F77252A11FFB4B810016B363 /* CloudHoe.app */;
			productType = "com.apple.product-type.application";
		};
		F77252B81FFB4B810016B363 /* CloudHoeTests */ = {
			isa = PBXNativeTarget;
			buildConfigurationList = F77252D01FFB4B810016B363 /* Build configuration list for PBXNativeTarget "CloudHoeTests" */;
			buildPhases = (
				F77252B51FFB4B810016B363 /* Sources */,
				F77252B61FFB4B810016B363 /* Frameworks */,
				F77252B71FFB4B810016B363 /* Resources */,
			);
			buildRules = (
			);
			dependencies = (
				F77252BB1FFB4B810016B363 /* PBXTargetDependency */,
			);
			name = CloudHoeTests;
			productName = CloudHoeTests;
			productReference = F77252B91FFB4B810016B363 /* CloudHoeTests.xctest */;
			productType = "com.apple.product-type.bundle.unit-test";
		};
		F77252C31FFB4B810016B363 /* CloudHoeUITests */ = {
			isa = PBXNativeTarget;
			buildConfigurationList = F77252D31FFB4B810016B363 /* Build configuration list for PBXNativeTarget "CloudHoeUITests" */;
			buildPhases = (
				F77252C01FFB4B810016B363 /* Sources */,
				F77252C11FFB4B810016B363 /* Frameworks */,
				F77252C21FFB4B810016B363 /* Resources */,
			);
			buildRules = (
			);
			dependencies = (
				F77252C61FFB4B810016B363 /* PBXTargetDependency */,
			);
			name = CloudHoeUITests;
			productName = CloudHoeUITests;
			productReference = F77252C41FFB4B810016B363 /* CloudHoeUITests.xctest */;
			productType = "com.apple.product-type.bundle.ui-testing";
		};
/* End PBXNativeTarget section */

/* Begin PBXProject section */
		F77252991FFB4B810016B363 /* Project object */ = {
			isa = PBXProject;
			attributes = {
				LastUpgradeCheck = 0910;
				ORGANIZATIONNAME = ZhangWeiLiang;
				TargetAttributes = {
					F77252A01FFB4B810016B363 = {
						CreatedOnToolsVersion = 9.1;
						ProvisioningStyle = Automatic;
					};
					F77252B81FFB4B810016B363 = {
						CreatedOnToolsVersion = 9.1;
						ProvisioningStyle = Automatic;
						TestTargetID = F77252A01FFB4B810016B363;
					};
					F77252C31FFB4B810016B363 = {
						CreatedOnToolsVersion = 9.1;
						ProvisioningStyle = Automatic;
						TestTargetID = F77252A01FFB4B810016B363;
					};
				};
			};
			buildConfigurationList = F772529C1FFB4B810016B363 /* Build configuration list for PBXProject "CloudHoe" */;
			compatibilityVersion = "Xcode 8.0";
			developmentRegion = en;
			hasScannedForEncodings = 0;
			knownRegions = (
				en,
				Base,
			);
			mainGroup = F77252981FFB4B810016B363;
			productRefGroup = F77252A21FFB4B810016B363 /* Products */;
			projectDirPath = "";
			projectRoot = "";
			targets = (
				F77252A01FFB4B810016B363 /* CloudHoe */,
				F77252B81FFB4B810016B363 /* CloudHoeTests */,
				F77252C31FFB4B810016B363 /* CloudHoeUITests */,
			);
		};
/* End PBXProject section */

/* Begin PBXResourcesBuildPhase section */
		F772529F1FFB4B810016B363 /* Resources */ = {
			isa = PBXResourcesBuildPhase;
			buildActionMask = 2147483647;
			files = (
				F70EC9801FFB6F8300821D01 /* Images.xcassets in Resources */,
				F77252B11FFB4B810016B363 /* LaunchScreen.storyboard in Resources */,
				F77252AC1FFB4B810016B363 /* Main.storyboard in Resources */,
			);
			runOnlyForDeploymentPostprocessing = 0;
		};
		F77252B71FFB4B810016B363 /* Resources */ = {
			isa = PBXResourcesBuildPhase;
			buildActionMask = 2147483647;
			files = (
			);
			runOnlyForDeploymentPostprocessing = 0;
		};
		F77252C21FFB4B810016B363 /* Resources */ = {
			isa = PBXResourcesBuildPhase;
			buildActionMask = 2147483647;
			files = (
			);
			runOnlyForDeploymentPostprocessing = 0;
		};
/* End PBXResourcesBuildPhase section */

/* Begin PBXShellScriptBuildPhase section */
		4F15B03574C6C8B09D398EB2 /* [CP] Copy Pods Resources */ = {
			isa = PBXShellScriptBuildPhase;
			buildActionMask = 2147483647;
			files = (
			);
			inputPaths = (
				"${SRCROOT}/Pods/Target Support Files/Pods-CloudHoe/Pods-CloudHoe-resources.sh",
				"${PODS_ROOT}/IQKeyboardManager/IQKeyboardManager/Resources/IQKeyboardManager.bundle",
				"${PODS_ROOT}/MJRefresh/MJRefresh/MJRefresh.bundle",
				"${PODS_ROOT}/SVProgressHUD/SVProgressHUD/SVProgressHUD.bundle",
				"${PODS_ROOT}/UMengUShare/UShareSDK/UMSocialSDK/UMSocialSDKPromptResources.bundle",
			);
			name = "[CP] Copy Pods Resources";
			outputPaths = (
				"${TARGET_BUILD_DIR}/${UNLOCALIZED_RESOURCES_FOLDER_PATH}",
			);
			runOnlyForDeploymentPostprocessing = 0;
			shellPath = /bin/sh;
			shellScript = "\"${SRCROOT}/Pods/Target Support Files/Pods-CloudHoe/Pods-CloudHoe-resources.sh\"\n";
			showEnvVarsInLog = 0;
		};
		4F1AB66358B01F58315E9213 /* [CP] Embed Pods Frameworks */ = {
			isa = PBXShellScriptBuildPhase;
			buildActionMask = 2147483647;
			files = (
			);
			inputPaths = (
			);
			name = "[CP] Embed Pods Frameworks";
			outputPaths = (
			);
			runOnlyForDeploymentPostprocessing = 0;
			shellPath = /bin/sh;
			shellScript = "\"${SRCROOT}/Pods/Target Support Files/Pods-CloudHoe/Pods-CloudHoe-frameworks.sh\"\n";
			showEnvVarsInLog = 0;
		};
		FCAB38AA60A3DD143A1FCCB5 /* [CP] Check Pods Manifest.lock */ = {
			isa = PBXShellScriptBuildPhase;
			buildActionMask = 2147483647;
			files = (
			);
			inputPaths = (
				"${PODS_PODFILE_DIR_PATH}/Podfile.lock",
				"${PODS_ROOT}/Manifest.lock",
			);
			name = "[CP] Check Pods Manifest.lock";
			outputPaths = (
				"$(DERIVED_FILE_DIR)/Pods-CloudHoe-checkManifestLockResult.txt",
			);
			runOnlyForDeploymentPostprocessing = 0;
			shellPath = /bin/sh;
			shellScript = "diff \"${PODS_PODFILE_DIR_PATH}/Podfile.lock\" \"${PODS_ROOT}/Manifest.lock\" > /dev/null\nif [ $? != 0 ] ; then\n    # print error to STDERR\n    echo \"error: The sandbox is not in sync with the Podfile.lock. Run 'pod install' or update your CocoaPods installation.\" >&2\n    exit 1\nfi\n# This output is used by Xcode 'outputs' to avoid re-running this script phase.\necho \"SUCCESS\" > \"${SCRIPT_OUTPUT_FILE_0}\"\n";
			showEnvVarsInLog = 0;
		};
/* End PBXShellScriptBuildPhase section */

/* Begin PBXSourcesBuildPhase section */
		F772529D1FFB4B810016B363 /* Sources */ = {
			isa = PBXSourcesBuildPhase;
			buildActionMask = 2147483647;
			files = (
				F772532B1FFB52960016B363 /* TabBarController.m in Sources */,
				F77253341FFB529F0016B363 /* BaseViewController.m in Sources */,
				F772531A1FFB509A0016B363 /* ZXPUnicode.m in Sources */,
				F77253281FFB52840016B363 /* HoeFriendVC.m in Sources */,
				F772530F1FFB509A0016B363 /* InfoCache.m in Sources */,
				F77253171FFB509A0016B363 /* UILabel+WLAttributedString.m in Sources */,
				F772533E1FFB532D0016B363 /* PersonModel.m in Sources */,
				F77253101FFB509A0016B363 /* NSStringExt.m in Sources */,
				F77253131FFB509A0016B363 /* UITableView+EmptyData.m in Sources */,
				F77253331FFB529F0016B363 /* NavigationController.m in Sources */,
				F77253111FFB509A0016B363 /* CountDownServer.m in Sources */,
				F77253161FFB509A0016B363 /* UIImage+UIImageExt.m in Sources */,
				F77253191FFB509A0016B363 /* UIViewExt.m in Sources */,
				F772534B1FFB5F540016B363 /* PhoneLoginVC.m in Sources */,
				F77253321FFB529F0016B363 /* BasePresentViewController.m in Sources */,
				F77253151FFB509A0016B363 /* UIColor+Expend.m in Sources */,
				F77252B41FFB4B810016B363 /* main.m in Sources */,
				F772530E1FFB509A0016B363 /* AFNetworking_RequestData.m in Sources */,
				F77252A61FFB4B810016B363 /* AppDelegate.m in Sources */,
				F77253451FFB57800016B363 /* CDTabBar.m in Sources */,
				F772531F1FFB52230016B363 /* HomeVC.m in Sources */,
				F77253181FFB509A0016B363 /* UIViewController+UIViewControllerExt.m in Sources */,
				F77253251FFB52640016B363 /* DynamicStateVC.m in Sources */,
				F77253141FFB509A0016B363 /* UIView+Toast.m in Sources */,
				F77253381FFB52D90016B363 /* LoginVC.m in Sources */,
				F77253121FFB509A0016B363 /* RegexTool.m in Sources */,
				F77253221FFB52420016B363 /* GardenVC.m in Sources */,
			);
			runOnlyForDeploymentPostprocessing = 0;
		};
		F77252B51FFB4B810016B363 /* Sources */ = {
			isa = PBXSourcesBuildPhase;
			buildActionMask = 2147483647;
			files = (
				F77252BE1FFB4B810016B363 /* CloudHoeTests.m in Sources */,
			);
			runOnlyForDeploymentPostprocessing = 0;
		};
		F77252C01FFB4B810016B363 /* Sources */ = {
			isa = PBXSourcesBuildPhase;
			buildActionMask = 2147483647;
			files = (
				F77252C91FFB4B810016B363 /* CloudHoeUITests.m in Sources */,
			);
			runOnlyForDeploymentPostprocessing = 0;
		};
/* End PBXSourcesBuildPhase section */

/* Begin PBXTargetDependency section */
		F77252BB1FFB4B810016B363 /* PBXTargetDependency */ = {
			isa = PBXTargetDependency;
			target = F77252A01FFB4B810016B363 /* CloudHoe */;
			targetProxy = F77252BA1FFB4B810016B363 /* PBXContainerItemProxy */;
		};
		F77252C61FFB4B810016B363 /* PBXTargetDependency */ = {
			isa = PBXTargetDependency;
			target = F77252A01FFB4B810016B363 /* CloudHoe */;
			targetProxy = F77252C51FFB4B810016B363 /* PBXContainerItemProxy */;
		};
/* End PBXTargetDependency section */

/* Begin PBXVariantGroup section */
		F77252AA1FFB4B810016B363 /* Main.storyboard */ = {
			isa = PBXVariantGroup;
			children = (
				F77252AB1FFB4B810016B363 /* Base */,
			);
			name = Main.storyboard;
			sourceTree = "<group>";
		};
		F77252AF1FFB4B810016B363 /* LaunchScreen.storyboard */ = {
			isa = PBXVariantGroup;
			children = (
				F77252B01FFB4B810016B363 /* Base */,
			);
			name = LaunchScreen.storyboard;
			sourceTree = "<group>";
		};
/* End PBXVariantGroup section */

/* Begin XCBuildConfiguration section */
		F77252CB1FFB4B810016B363 /* Debug */ = {
			isa = XCBuildConfiguration;
			buildSettings = {
				ALWAYS_SEARCH_USER_PATHS = NO;
				CLANG_ANALYZER_NONNULL = YES;
				CLANG_ANALYZER_NUMBER_OBJECT_CONVERSION = YES_AGGRESSIVE;
				CLANG_CXX_LANGUAGE_STANDARD = "gnu++14";
				CLANG_CXX_LIBRARY = "libc++";
				CLANG_ENABLE_MODULES = YES;
				CLANG_ENABLE_OBJC_ARC = YES;
				CLANG_WARN_BLOCK_CAPTURE_AUTORELEASING = YES;
				CLANG_WARN_BOOL_CONVERSION = YES;
				CLANG_WARN_COMMA = YES;
				CLANG_WARN_CONSTANT_CONVERSION = YES;
				CLANG_WARN_DIRECT_OBJC_ISA_USAGE = YES_ERROR;
				CLANG_WARN_DOCUMENTATION_COMMENTS = YES;
				CLANG_WARN_EMPTY_BODY = YES;
				CLANG_WARN_ENUM_CONVERSION = YES;
				CLANG_WARN_INFINITE_RECURSION = YES;
				CLANG_WARN_INT_CONVERSION = YES;
				CLANG_WARN_NON_LITERAL_NULL_CONVERSION = YES;
				CLANG_WARN_OBJC_LITERAL_CONVERSION = YES;
				CLANG_WARN_OBJC_ROOT_CLASS = YES_ERROR;
				CLANG_WARN_RANGE_LOOP_ANALYSIS = YES;
				CLANG_WARN_STRICT_PROTOTYPES = YES;
				CLANG_WARN_SUSPICIOUS_MOVE = YES;
				CLANG_WARN_UNGUARDED_AVAILABILITY = YES_AGGRESSIVE;
				CLANG_WARN_UNREACHABLE_CODE = YES;
				CLANG_WARN__DUPLICATE_METHOD_MATCH = YES;
				CODE_SIGN_IDENTITY = "iPhone Developer";
				COPY_PHASE_STRIP = NO;
				DEBUG_INFORMATION_FORMAT = dwarf;
				ENABLE_STRICT_OBJC_MSGSEND = YES;
				ENABLE_TESTABILITY = YES;
				GCC_C_LANGUAGE_STANDARD = gnu11;
				GCC_DYNAMIC_NO_PIC = NO;
				GCC_NO_COMMON_BLOCKS = YES;
				GCC_OPTIMIZATION_LEVEL = 0;
				GCC_PREPROCESSOR_DEFINITIONS = (
					"DEBUG=1",
					"$(inherited)",
				);
				GCC_WARN_64_TO_32_BIT_CONVERSION = YES;
				GCC_WARN_ABOUT_RETURN_TYPE = YES_ERROR;
				GCC_WARN_UNDECLARED_SELECTOR = YES;
				GCC_WARN_UNINITIALIZED_AUTOS = YES_AGGRESSIVE;
				GCC_WARN_UNUSED_FUNCTION = YES;
				GCC_WARN_UNUSED_VARIABLE = YES;
				IPHONEOS_DEPLOYMENT_TARGET = 11.1;
				MTL_ENABLE_DEBUG_INFO = YES;
				ONLY_ACTIVE_ARCH = YES;
				SDKROOT = iphoneos;
			};
			name = Debug;
		};
		F77252CC1FFB4B810016B363 /* Release */ = {
			isa = XCBuildConfiguration;
			buildSettings = {
				ALWAYS_SEARCH_USER_PATHS = NO;
				CLANG_ANALYZER_NONNULL = YES;
				CLANG_ANALYZER_NUMBER_OBJECT_CONVERSION = YES_AGGRESSIVE;
				CLANG_CXX_LANGUAGE_STANDARD = "gnu++14";
				CLANG_CXX_LIBRARY = "libc++";
				CLANG_ENABLE_MODULES = YES;
				CLANG_ENABLE_OBJC_ARC = YES;
				CLANG_WARN_BLOCK_CAPTURE_AUTORELEASING = YES;
				CLANG_WARN_BOOL_CONVERSION = YES;
				CLANG_WARN_COMMA = YES;
				CLANG_WARN_CONSTANT_CONVERSION = YES;
				CLANG_WARN_DIRECT_OBJC_ISA_USAGE = YES_ERROR;
				CLANG_WARN_DOCUMENTATION_COMMENTS = YES;
				CLANG_WARN_EMPTY_BODY = YES;
				CLANG_WARN_ENUM_CONVERSION = YES;
				CLANG_WARN_INFINITE_RECURSION = YES;
				CLANG_WARN_INT_CONVERSION = YES;
				CLANG_WARN_NON_LITERAL_NULL_CONVERSION = YES;
				CLANG_WARN_OBJC_LITERAL_CONVERSION = YES;
				CLANG_WARN_OBJC_ROOT_CLASS = YES_ERROR;
				CLANG_WARN_RANGE_LOOP_ANALYSIS = YES;
				CLANG_WARN_STRICT_PROTOTYPES = YES;
				CLANG_WARN_SUSPICIOUS_MOVE = YES;
				CLANG_WARN_UNGUARDED_AVAILABILITY = YES_AGGRESSIVE;
				CLANG_WARN_UNREACHABLE_CODE = YES;
				CLANG_WARN__DUPLICATE_METHOD_MATCH = YES;
				CODE_SIGN_IDENTITY = "iPhone Developer";
				COPY_PHASE_STRIP = NO;
				DEBUG_INFORMATION_FORMAT = "dwarf-with-dsym";
				ENABLE_NS_ASSERTIONS = NO;
				ENABLE_STRICT_OBJC_MSGSEND = YES;
				GCC_C_LANGUAGE_STANDARD = gnu11;
				GCC_NO_COMMON_BLOCKS = YES;
				GCC_WARN_64_TO_32_BIT_CONVERSION = YES;
				GCC_WARN_ABOUT_RETURN_TYPE = YES_ERROR;
				GCC_WARN_UNDECLARED_SELECTOR = YES;
				GCC_WARN_UNINITIALIZED_AUTOS = YES_AGGRESSIVE;
				GCC_WARN_UNUSED_FUNCTION = YES;
				GCC_WARN_UNUSED_VARIABLE = YES;
				IPHONEOS_DEPLOYMENT_TARGET = 11.1;
				MTL_ENABLE_DEBUG_INFO = NO;
				SDKROOT = iphoneos;
				VALIDATE_PRODUCT = YES;
			};
			name = Release;
		};
		F77252CE1FFB4B810016B363 /* Debug */ = {
			isa = XCBuildConfiguration;
			baseConfigurationReference = E9DFCAA820FE34DB4AAD88FF /* Pods-CloudHoe.debug.xcconfig */;
			buildSettings = {
				ASSETCATALOG_COMPILER_LAUNCHIMAGE_NAME = LaunchImage;
				CODE_SIGN_STYLE = Automatic;
				DEVELOPMENT_TEAM = D59VU3JG9L;
				GCC_PREFIX_HEADER = "$(SRCROOT)/CloudHoe/CloudHoe.pch";
				INFOPLIST_FILE = CloudHoe/Info.plist;
				IPHONEOS_DEPLOYMENT_TARGET = 8.0;
				LD_RUNPATH_SEARCH_PATHS = "$(inherited) @executable_path/Frameworks";
				PRODUCT_BUNDLE_IDENTIFIER = com.HongHu.Rice.CloudHoe;
				PRODUCT_NAME = "$(TARGET_NAME)";
				TARGETED_DEVICE_FAMILY = "1,2";
			};
			name = Debug;
		};
		F77252CF1FFB4B810016B363 /* Release */ = {
			isa = XCBuildConfiguration;
			baseConfigurationReference = 4FAFAF84528161A6261C39C9 /* Pods-CloudHoe.release.xcconfig */;
			buildSettings = {
				ASSETCATALOG_COMPILER_LAUNCHIMAGE_NAME = LaunchImage;
				CODE_SIGN_STYLE = Automatic;
				DEVELOPMENT_TEAM = D59VU3JG9L;
				GCC_PREFIX_HEADER = "$(SRCROOT)/CloudHoe/CloudHoe.pch";
				INFOPLIST_FILE = CloudHoe/Info.plist;
				IPHONEOS_DEPLOYMENT_TARGET = 8.0;
				LD_RUNPATH_SEARCH_PATHS = "$(inherited) @executable_path/Frameworks";
				PRODUCT_BUNDLE_IDENTIFIER = com.HongHu.Rice.CloudHoe;
				PRODUCT_NAME = "$(TARGET_NAME)";
				TARGETED_DEVICE_FAMILY = "1,2";
			};
			name = Release;
		};
		F77252D11FFB4B810016B363 /* Debug */ = {
			isa = XCBuildConfiguration;
			buildSettings = {
				BUNDLE_LOADER = "$(TEST_HOST)";
				CODE_SIGN_STYLE = Automatic;
				DEVELOPMENT_TEAM = D59VU3JG9L;
				INFOPLIST_FILE = CloudHoeTests/Info.plist;
				LD_RUNPATH_SEARCH_PATHS = "$(inherited) @executable_path/Frameworks @loader_path/Frameworks";
				PRODUCT_BUNDLE_IDENTIFIER = com.HongHu.Rice.CloudHoeTests;
				PRODUCT_NAME = "$(TARGET_NAME)";
				TARGETED_DEVICE_FAMILY = "1,2";
				TEST_HOST = "$(BUILT_PRODUCTS_DIR)/CloudHoe.app/CloudHoe";
			};
			name = Debug;
		};
		F77252D21FFB4B810016B363 /* Release */ = {
			isa = XCBuildConfiguration;
			buildSettings = {
				BUNDLE_LOADER = "$(TEST_HOST)";
				CODE_SIGN_STYLE = Automatic;
				DEVELOPMENT_TEAM = D59VU3JG9L;
				INFOPLIST_FILE = CloudHoeTests/Info.plist;
				LD_RUNPATH_SEARCH_PATHS = "$(inherited) @executable_path/Frameworks @loader_path/Frameworks";
				PRODUCT_BUNDLE_IDENTIFIER = com.HongHu.Rice.CloudHoeTests;
				PRODUCT_NAME = "$(TARGET_NAME)";
				TARGETED_DEVICE_FAMILY = "1,2";
				TEST_HOST = "$(BUILT_PRODUCTS_DIR)/CloudHoe.app/CloudHoe";
			};
			name = Release;
		};
		F77252D41FFB4B810016B363 /* Debug */ = {
			isa = XCBuildConfiguration;
			buildSettings = {
				CODE_SIGN_STYLE = Automatic;
				DEVELOPMENT_TEAM = D59VU3JG9L;
				INFOPLIST_FILE = CloudHoeUITests/Info.plist;
				LD_RUNPATH_SEARCH_PATHS = "$(inherited) @executable_path/Frameworks @loader_path/Frameworks";
				PRODUCT_BUNDLE_IDENTIFIER = com.HongHu.Rice.CloudHoeUITests;
				PRODUCT_NAME = "$(TARGET_NAME)";
				TARGETED_DEVICE_FAMILY = "1,2";
				TEST_TARGET_NAME = CloudHoe;
			};
			name = Debug;
		};
		F77252D51FFB4B810016B363 /* Release */ = {
			isa = XCBuildConfiguration;
			buildSettings = {
				CODE_SIGN_STYLE = Automatic;
				DEVELOPMENT_TEAM = D59VU3JG9L;
				INFOPLIST_FILE = CloudHoeUITests/Info.plist;
				LD_RUNPATH_SEARCH_PATHS = "$(inherited) @executable_path/Frameworks @loader_path/Frameworks";
				PRODUCT_BUNDLE_IDENTIFIER = com.HongHu.Rice.CloudHoeUITests;
				PRODUCT_NAME = "$(TARGET_NAME)";
				TARGETED_DEVICE_FAMILY = "1,2";
				TEST_TARGET_NAME = CloudHoe;
			};
			name = Release;
		};
/* End XCBuildConfiguration section */

/* Begin XCConfigurationList section */
		F772529C1FFB4B810016B363 /* Build configuration list for PBXProject "CloudHoe" */ = {
			isa = XCConfigurationList;
			buildConfigurations = (
				F77252CB1FFB4B810016B363 /* Debug */,
				F77252CC1FFB4B810016B363 /* Release */,
			);
			defaultConfigurationIsVisible = 0;
			defaultConfigurationName = Release;
		};
		F77252CD1FFB4B810016B363 /* Build configuration list for PBXNativeTarget "CloudHoe" */ = {
			isa = XCConfigurationList;
			buildConfigurations = (
				F77252CE1FFB4B810016B363 /* Debug */,
				F77252CF1FFB4B810016B363 /* Release */,
			);
			defaultConfigurationIsVisible = 0;
			defaultConfigurationName = Release;
		};
		F77252D01FFB4B810016B363 /* Build configuration list for PBXNativeTarget "CloudHoeTests" */ = {
			isa = XCConfigurationList;
			buildConfigurations = (
				F77252D11FFB4B810016B363 /* Debug */,
				F77252D21FFB4B810016B363 /* Release */,
			);
			defaultConfigurationIsVisible = 0;
			defaultConfigurationName = Release;
		};
		F77252D31FFB4B810016B363 /* Build configuration list for PBXNativeTarget "CloudHoeUITests" */ = {
			isa = XCConfigurationList;
			buildConfigurations = (
				F77252D41FFB4B810016B363 /* Debug */,
				F77252D51FFB4B810016B363 /* Release */,
			);
			defaultConfigurationIsVisible = 0;
			defaultConfigurationName = Release;
		};
/* End XCConfigurationList section */
	};
	rootObject = F77252991FFB4B810016B363 /* Project object */;
}
